
Microsoft Visual Studio Solution File, Format Version 12.00
# Visual Studio Version 16
VisualStudioVersion = 16.0.31025.194
MinimumVisualStudioVersion = 10.0.40219.1
Project("{FAE04EC0-301F-11D3-BF4B-00C04F79EFBC}") = "HelloService", "HelloService\HelloService.csproj", "{70CF95D5-1427-4632-8E92-79D680665651}"
EndProject
Project("{FAE04EC0-301F-11D3-BF4B-00C04F79EFBC}") = "HelloServiceHost", "HelloServiceHost\HelloServiceHost.csproj", "{CB54A8D4-3206-4215-9930-9B3E218788CA}"
EndProject
Global
	GlobalSection(SolutionConfigurationPlatforms) = preSolution
		Debug|Any CPU = Debug|Any CPU
		Release|Any CPU = Release|Any CPU
	EndGlobalSection
	GlobalSection(ProjectConfigurationPlatforms) = postSolution
		{70CF95D5-1427-4632-8E92-79D680665651}.Debug|Any CPU.ActiveCfg = Debug|Any CPU
		{70CF95D5-1427-4632-8E92-79D680665651}.Debug|Any CPU.Build.0 = Debug|Any CPU
		{70CF95D5-1427-4632-8E92-79D680665651}.Release|Any CPU.ActiveCfg = Release|Any CPU
		{70CF95D5-1427-4632-8E92-79D680665651}.Release|Any CPU.Build.0 = Release|Any CPU
		{CB54A8D4-3206-4215-9930-9B3E218788CA}.Debug|Any CPU.ActiveCfg = Debug|Any CPU
		{CB54A8D4-3206-4215-9930-9B3E218788CA}.Debug|Any CPU.Build.0 = Debug|Any CPU
		{CB54A8D4-3206-4215-9930-9B3E218788CA}.Release|Any CPU.ActiveCfg = Release|Any CPU
		{CB54A8D4-3206-4215-9930-9B3E218788CA}.Release|Any CPU.Build.0 = Release|Any CPU
	EndGlobalSection
	GlobalSection(SolutionProperties) = preSolution
		HideSolutionNode = FALSE
	EndGlobalSection
	GlobalSection(ExtensibilityGlobals) = postSolution
		SolutionGuid = {76DB8D94-55AB-41F7-B631-42E159F39E79}
	EndGlobalSection
EndGlobal
